
Microsoft Visual Studio Solution File, Format Version 12.00
# Visual Studio Version 16
VisualStudioVersion = 16.0.31005.135
MinimumVisualStudioVersion = 10.0.40219.1
Project("{FAE04EC0-301F-11D3-BF4B-00C04F79EFBC}") = "SFDScripts", "SFDScripts\SFDScripts.csproj", "{E9179D05-5E82-445E-8EFE-2DF9373D1B40}"
EndProject
Project("{FAE04EC0-301F-11D3-BF4B-00C04F79EFBC}") = "SFDScripts.UnitTests", "Tests\SFDScripts.UnitTests\SFDScripts.UnitTests.csproj", "{59B08E91-A094-445D-A327-FACD7962A996}"
EndProject
Project("{2150E333-8FDC-42A3-9474-1A3956D46DE8}") = "References", "References", "{F91D9712-C0F0-440D-9E1D-C69B6B914087}"
	ProjectSection(SolutionItems) = preProject
		References\SFD.GameScriptInterface.dll = References\SFD.GameScriptInterface.dll
	EndProjectSection
EndProject
Project("{2150E333-8FDC-42A3-9474-1A3956D46DE8}") = "docs", "docs", "{FA9E56E8-05F3-42A7-B742-C947A8AB487A}"
	ProjectSection(SolutionItems) = preProject
		CONTRIBUTING.md = CONTRIBUTING.md
		README.md = README.md
	EndProjectSection
EndProject
Project("{2150E333-8FDC-42A3-9474-1A3956D46DE8}") = "Utilities", "Utilities", "{EFF87C26-7ACB-47F5-922C-9F31AF108351}"
EndProject
Global
	GlobalSection(SolutionConfigurationPlatforms) = preSolution
		Debug|Any CPU = Debug|Any CPU
		Release|Any CPU = Release|Any CPU
	EndGlobalSection
	GlobalSection(ProjectConfigurationPlatforms) = postSolution
		{E9179D05-5E82-445E-8EFE-2DF9373D1B40}.Debug|Any CPU.ActiveCfg = Debug|Any CPU
		{E9179D05-5E82-445E-8EFE-2DF9373D1B40}.Debug|Any CPU.Build.0 = Debug|Any CPU
		{E9179D05-5E82-445E-8EFE-2DF9373D1B40}.Release|Any CPU.ActiveCfg = Release|Any CPU
		{E9179D05-5E82-445E-8EFE-2DF9373D1B40}.Release|Any CPU.Build.0 = Release|Any CPU
		{59B08E91-A094-445D-A327-FACD7962A996}.Debug|Any CPU.ActiveCfg = Debug|Any CPU
		{59B08E91-A094-445D-A327-FACD7962A996}.Debug|Any CPU.Build.0 = Debug|Any CPU
		{59B08E91-A094-445D-A327-FACD7962A996}.Release|Any CPU.ActiveCfg = Release|Any CPU
		{59B08E91-A094-445D-A327-FACD7962A996}.Release|Any CPU.Build.0 = Release|Any CPU
	EndGlobalSection
	GlobalSection(SolutionProperties) = preSolution
		HideSolutionNode = FALSE
	EndGlobalSection
	GlobalSection(ExtensibilityGlobals) = postSolution
		SolutionGuid = {AF40707C-99D6-4635-B360-937645273486}
	EndGlobalSection
EndGlobal
